
Microsoft Visual Studio Solution File, Format Version 12.00
# Visual Studio Version 17
VisualStudioVersion = 17.0.31903.59
MinimumVisualStudioVersion = 10.0.40219.1
Project("{FAE04EC0-301F-11D3-BF4B-00C04F79EFBC}") = "MCTG", "MCTG.csproj", "{BAE64A6D-8C77-4FC9-979A-F5E3DD341E07}"
EndProject
Global
	GlobalSection(SolutionConfigurationPlatforms) = preSolution
		Debug|Any CPU = Debug|Any CPU
		Release|Any CPU = Release|Any CPU
	EndGlobalSection
	GlobalSection(ProjectConfigurationPlatforms) = postSolution
		{BAE64A6D-8C77-4FC9-979A-F5E3DD341E07}.Debug|Any CPU.ActiveCfg = Debug|Any CPU
		{BAE64A6D-8C77-4FC9-979A-F5E3DD341E07}.Debug|Any CPU.Build.0 = Debug|Any CPU
		{BAE64A6D-8C77-4FC9-979A-F5E3DD341E07}.Release|Any CPU.ActiveCfg = Release|Any CPU
		{BAE64A6D-8C77-4FC9-979A-F5E3DD341E07}.Release|Any CPU.Build.0 = Release|Any CPU
	EndGlobalSection
	GlobalSection(SolutionProperties) = preSolution
		HideSolutionNode = FALSE
	EndGlobalSection
	GlobalSection(ExtensibilityGlobals) = postSolution
		SolutionGuid = {B3FC8B6D-D309-42CA-9F31-BC9CF7D11375}
	EndGlobalSection
EndGlobal
